
Microsoft Visual Studio Solution File, Format Version 12.00
# Visual Studio Version 16
VisualStudioVersion = 16.0.31112.23
MinimumVisualStudioVersion = 10.0.40219.1
Project("{FAE04EC0-301F-11D3-BF4B-00C04F79EFBC}") = "Cv9", "Cv9.csproj", "{D31AFC60-D45C-46C6-A622-8DFB3A2D756A}"
EndProject
Global
	GlobalSection(SolutionConfigurationPlatforms) = preSolution
		Debug|Any CPU = Debug|Any CPU
		Release|Any CPU = Release|Any CPU
	EndGlobalSection
	GlobalSection(ProjectConfigurationPlatforms) = postSolution
		{D31AFC60-D45C-46C6-A622-8DFB3A2D756A}.Debug|Any CPU.ActiveCfg = Debug|Any CPU
		{D31AFC60-D45C-46C6-A622-8DFB3A2D756A}.Debug|Any CPU.Build.0 = Debug|Any CPU
		{D31AFC60-D45C-46C6-A622-8DFB3A2D756A}.Release|Any CPU.ActiveCfg = Release|Any CPU
		{D31AFC60-D45C-46C6-A622-8DFB3A2D756A}.Release|Any CPU.Build.0 = Release|Any CPU
	EndGlobalSection
	GlobalSection(SolutionProperties) = preSolution
		HideSolutionNode = FALSE
	EndGlobalSection
	GlobalSection(ExtensibilityGlobals) = postSolution
		SolutionGuid = {055EB1BF-E04C-4BF5-8B7E-786796E4B6D1}
	EndGlobalSection
EndGlobal
